
Microsoft Visual Studio Solution File, Format Version 12.00
# Visual Studio Version 17
VisualStudioVersion = 17.8.34322.80
MinimumVisualStudioVersion = 10.0.40219.1
Project("{FAE04EC0-301F-11D3-BF4B-00C04F79EFBC}") = "KeyedInjections", "KeyedInjections\KeyedInjections.csproj", "{26D7528C-33BD-46A0-AEAD-51248391DADB}"
EndProject
Global
	GlobalSection(SolutionConfigurationPlatforms) = preSolution
		Debug|Any CPU = Debug|Any CPU
		Release|Any CPU = Release|Any CPU
	EndGlobalSection
	GlobalSection(ProjectConfigurationPlatforms) = postSolution
		{26D7528C-33BD-46A0-AEAD-51248391DADB}.Debug|Any CPU.ActiveCfg = Debug|Any CPU
		{26D7528C-33BD-46A0-AEAD-51248391DADB}.Debug|Any CPU.Build.0 = Debug|Any CPU
		{26D7528C-33BD-46A0-AEAD-51248391DADB}.Release|Any CPU.ActiveCfg = Release|Any CPU
		{26D7528C-33BD-46A0-AEAD-51248391DADB}.Release|Any CPU.Build.0 = Release|Any CPU
	EndGlobalSection
	GlobalSection(SolutionProperties) = preSolution
		HideSolutionNode = FALSE
	EndGlobalSection
	GlobalSection(ExtensibilityGlobals) = postSolution
		SolutionGuid = {98CBFA4A-4005-4AEB-883B-3DA6A6A74AB2}
	EndGlobalSection
EndGlobal
